github.com/boyter/go-string v1.0.5 h1:/xcOlWdgelLYLVkUU0xBLfioGjZ9KIMUMI/RXG138YY=
github.com/boyter/go-string v1.0.5/go.mod h1:Mww9cDld2S2cdJ0tQffBhsZFMQRA2OJdcjWYZXvZ4Ss=
github.com/medama-io/go-useragent v0.0.0-20240904224206-122608a2839b h1:gX53lywUgbWSGvKczIaY4CLENB5OMNfrm8WUq6r9f0g=
github.com/medama-io/go-useragent v0.0.0-20240904224206-122608a2839b/go.mod h1:H9GYWth4IN8vAFZh5LeARza7VwM4jK9uk7Tb9huVzLw=
github.com/mileusna/useragent v1.3.4 h1:MiuRRuvGjEie1+yZHO88UBYg8YBC/ddF6T7F56i3PCk=
github.com/mileusna/useragent v1.3.4/go.mod h1:3d8TOmwL/5I8pJjyVDteHtgDGcefrFUX4ccGOMKNYYc=
